
Microsoft Visual Studio Solution File, Format Version 12.00
# Visual Studio Version 17
VisualStudioVersion = 17.0.31912.275
MinimumVisualStudioVersion = 10.0.40219.1
Project("{2150E333-8FDC-42A3-9474-1A3956D46DE8}") = "Contexts", "Contexts", "{A1E1E7E6-ED90-4C56-97C2-312DE5B5A54F}"
EndProject
Project("{2150E333-8FDC-42A3-9474-1A3956D46DE8}") = "Identity", "Identity", "{DB167D28-A138-4B9C-B3D3-14F93D999CC3}"
EndProject
Project("{9A19103F-16F7-4668-BE54-9A1E7A4F7556}") = "SuperTutor.Contexts.Identity.Application", "Contexts\Identity\SuperTutor.Contexts.Identity.Application\SuperTutor.Contexts.Identity.Application.csproj", "{67DE961F-D1CB-4AE8-A91E-8D9177E1777E}"
EndProject
Project("{2150E333-8FDC-42A3-9474-1A3956D46DE8}") = "SharedLibraries", "SharedLibraries", "{BE123348-4817-4257-BB02-100274736105}"
EndProject
Project("{2150E333-8FDC-42A3-9474-1A3956D46DE8}") = "BuildingBlocks", "BuildingBlocks", "{C9E90C08-FD6E-407F-A33F-0B2C05DC2E49}"
EndProject
Project("{9A19103F-16F7-4668-BE54-9A1E7A4F7556}") = "SuperTutor.SharedLibraries.BuildingBlocks.Application", "SharedLibraries\BuildingBlocks\SuperTutor.SharedLibraries.BuildingBlocks.Application\SuperTutor.SharedLibraries.BuildingBlocks.Application.csproj", "{8F30E125-B955-4C89-93EF-B85B88B85F96}"
EndProject
Project("{9A19103F-16F7-4668-BE54-9A1E7A4F7556}") = "SuperTutor.SharedLibraries.BuildingBlocks.Domain", "SharedLibraries\BuildingBlocks\SuperTutor.SharedLibraries.BuildingBlocks.Domain\SuperTutor.SharedLibraries.BuildingBlocks.Domain.csproj", "{1FF4D315-0649-4C68-9E12-B5D8C7CED639}"
EndProject
Project("{9A19103F-16F7-4668-BE54-9A1E7A4F7556}") = "SuperTutor.Contexts.Identity.Infrastructure", "Contexts\Identity\SuperTutor.Contexts.Identity.Infrastructure\SuperTutor.Contexts.Identity.Infrastructure.csproj", "{654BD2F2-A0D6-4666-94F2-CDE4C770A28D}"
EndProject
Project("{9A19103F-16F7-4668-BE54-9A1E7A4F7556}") = "SuperTutor.Contexts.Identity.Persistence", "Contexts\Identity\SuperTutor.Contexts.Identity.Persistence\SuperTutor.Contexts.Identity.Persistence.csproj", "{9BBF6BCD-D69F-462D-B431-5B42000C6D66}"
EndProject
Project("{9A19103F-16F7-4668-BE54-9A1E7A4F7556}") = "SuperTutor.Contexts.Identity.Api", "Contexts\Identity\SuperTutor.Contexts.Identity.Api\SuperTutor.Contexts.Identity.Api.csproj", "{8EC19012-8FFA-4CA7-B9B8-F8D146EF02CE}"
EndProject
Project("{9A19103F-16F7-4668-BE54-9A1E7A4F7556}") = "SuperTutor.SharedLibraries.BuildingBlocks.Api", "SharedLibraries\BuildingBlocks\SuperTutor.SharedLibraries.BuildingBlocks.Api\SuperTutor.SharedLibraries.BuildingBlocks.Api.csproj", "{A8041A5D-B224-40EA-BBC7-3E840DAE0969}"
EndProject
Project("{9A19103F-16F7-4668-BE54-9A1E7A4F7556}") = "SuperTutor.Contexts.Identity.Startup", "Contexts\Identity\SuperTutor.Contexts.Identity.Startup\SuperTutor.Contexts.Identity.Startup.csproj", "{07EE0F60-B01A-4AA1-B964-6DC71838A5F8}"
EndProject
Project("{E53339B2-1760-4266-BCC7-CA923CBCF16C}") = "docker-compose", "docker-compose.dcproj", "{CBB3DF2C-9FE6-4B93-9842-DA42E11FD31E}"
EndProject
Project("{9A19103F-16F7-4668-BE54-9A1E7A4F7556}") = "SuperTutor.SharedLibraries.BuildingBlocks.Persistence", "SharedLibraries\BuildingBlocks\SuperTutor.SharedLibraries.BuildingBlocks.Persistence\SuperTutor.SharedLibraries.BuildingBlocks.Persistence.csproj", "{F86740FD-8B7D-44EA-8991-D26F49F15DBA}"
EndProject
Project("{2150E333-8FDC-42A3-9474-1A3956D46DE8}") = "Profiles", "Profiles", "{FCFD1BE3-C52C-436B-BA5C-10C2D37F8EEF}"
EndProject
Project("{9A19103F-16F7-4668-BE54-9A1E7A4F7556}") = "SuperTutor.Contexts.Profiles.Application", "Contexts\Profiles\SuperTutor.Contexts.Profiles.Application\SuperTutor.Contexts.Profiles.Application.csproj", "{B5CD73DB-D2EC-436C-9679-220CA5FDAC9A}"
EndProject
Project("{9A19103F-16F7-4668-BE54-9A1E7A4F7556}") = "SuperTutor.Contexts.Profiles.Domain", "Contexts\Profiles\SuperTutor.Contexts.Profiles.Domain\SuperTutor.Contexts.Profiles.Domain.csproj", "{B2495183-7E62-4E9E-9693-A10D93E20421}"
EndProject
Project("{9A19103F-16F7-4668-BE54-9A1E7A4F7556}") = "SuperTutor.Contexts.Profiles.Api", "Contexts\Profiles\SuperTutor.Contexts.Profiles.Api\SuperTutor.Contexts.Profiles.Api.csproj", "{2F8681B5-97C8-4E5C-BB12-2ECD42F6C90E}"
EndProject
Project("{9A19103F-16F7-4668-BE54-9A1E7A4F7556}") = "SuperTutor.Contexts.Profiles.Persistence", "Contexts\Profiles\SuperTutor.Contexts.Profiles.Persistence\SuperTutor.Contexts.Profiles.Persistence.csproj", "{78757B2F-7EDC-4E2E-A2DF-147FEEFB638B}"
EndProject
Project("{9A19103F-16F7-4668-BE54-9A1E7A4F7556}") = "SuperTutor.Contexts.Profiles.Startup", "Contexts\Profiles\SuperTutor.Contexts.Profiles.Startup\SuperTutor.Contexts.Profiles.Startup.csproj", "{A5C1BF1C-FA9E-4A25-9689-4D2EB509B9DE}"
EndProject
Project("{9A19103F-16F7-4668-BE54-9A1E7A4F7556}") = "SuperTutor.SharedLibraries.BuildingBlocks.Infrastructure", "SharedLibraries\BuildingBlocks\SuperTutor.SharedLibraries.BuildingBlocks.Infrastructure\SuperTutor.SharedLibraries.BuildingBlocks.Infrastructure.csproj", "{B00B7C03-CCE8-4843-9165-B785C4E387CE}"
EndProject
Project("{9A19103F-16F7-4668-BE54-9A1E7A4F7556}") = "SuperTutor.Contexts.Identity.IntegrationEvents", "Contexts\Identity\SuperTutor.Contexts.Identity.IntegrationEvents\SuperTutor.Contexts.Identity.IntegrationEvents.csproj", "{42A904B6-1AA0-448A-ABDC-EF5A8CEEAD54}"
EndProject
Project("{9A19103F-16F7-4668-BE54-9A1E7A4F7556}") = "SuperTutor.Contexts.Profiles.Infrastructure", "Contexts\Profiles\SuperTutor.Contexts.Profiles.Infrastructure\SuperTutor.Contexts.Profiles.Infrastructure.csproj", "{7229DA70-49C9-4C32-85F2-1C3788D6EEDE}"
EndProject
Project("{2150E333-8FDC-42A3-9474-1A3956D46DE8}") = "Tests", "Tests", "{A5293D13-E9F6-4450-BE7E-A70F8D38E7F1}"
EndProject
Project("{2150E333-8FDC-42A3-9474-1A3956D46DE8}") = "Tests", "Tests", "{C8289B34-1808-41D9-9F6C-01DDF9B59D3D}"
EndProject
Project("{9A19103F-16F7-4668-BE54-9A1E7A4F7556}") = "SuperTutor.Contexts.Profiles.Tests.Domain.Unit", "Contexts\Profiles\Tests\SuperTutor.Contexts.Profiles.Tests.Domain.Unit\SuperTutor.Contexts.Profiles.Tests.Domain.Unit.csproj", "{5DBB8341-04AE-4AB5-89D5-2FD72B6B9FB6}"
EndProject
Project("{9A19103F-16F7-4668-BE54-9A1E7A4F7556}") = "SuperTutor.SharedLibraries.BuildingBlocks.Tests.Domain", "SharedLibraries\BuildingBlocks\Tests\SuperTutor.SharedLibraries.BuildingBlocks.Tests.Domain\SuperTutor.SharedLibraries.BuildingBlocks.Tests.Domain.csproj", "{3DD6A336-5FE3-40B6-8AC2-FA41D4A4EFC9}"
EndProject
Project("{2150E333-8FDC-42A3-9474-1A3956D46DE8}") = "Solution Items", "Solution Items", "{EC5FED04-2C57-4DDB-BEC3-8F82F43CCF1E}"
	ProjectSection(SolutionItems) = preProject
		.editorconfig = .editorconfig
	EndProjectSection
EndProject
Global
	GlobalSection(SolutionConfigurationPlatforms) = preSolution
		Debug|Any CPU = Debug|Any CPU
		Release|Any CPU = Release|Any CPU
	EndGlobalSection
	GlobalSection(ProjectConfigurationPlatforms) = postSolution
		{67DE961F-D1CB-4AE8-A91E-8D9177E1777E}.Debug|Any CPU.ActiveCfg = Debug|Any CPU
		{67DE961F-D1CB-4AE8-A91E-8D9177E1777E}.Debug|Any CPU.Build.0 = Debug|Any CPU
		{67DE961F-D1CB-4AE8-A91E-8D9177E1777E}.Release|Any CPU.ActiveCfg = Release|Any CPU
		{67DE961F-D1CB-4AE8-A91E-8D9177E1777E}.Release|Any CPU.Build.0 = Release|Any CPU
		{8F30E125-B955-4C89-93EF-B85B88B85F96}.Debug|Any CPU.ActiveCfg = Debug|Any CPU
		{8F30E125-B955-4C89-93EF-B85B88B85F96}.Debug|Any CPU.Build.0 = Debug|Any CPU
		{8F30E125-B955-4C89-93EF-B85B88B85F96}.Release|Any CPU.ActiveCfg = Release|Any CPU
		{8F30E125-B955-4C89-93EF-B85B88B85F96}.Release|Any CPU.Build.0 = Release|Any CPU
		{1FF4D315-0649-4C68-9E12-B5D8C7CED639}.Debug|Any CPU.ActiveCfg = Debug|Any CPU
		{1FF4D315-0649-4C68-9E12-B5D8C7CED639}.Debug|Any CPU.Build.0 = Debug|Any CPU
		{1FF4D315-0649-4C68-9E12-B5D8C7CED639}.Release|Any CPU.ActiveCfg = Release|Any CPU
		{1FF4D315-0649-4C68-9E12-B5D8C7CED639}.Release|Any CPU.Build.0 = Release|Any CPU
		{654BD2F2-A0D6-4666-94F2-CDE4C770A28D}.Debug|Any CPU.ActiveCfg = Debug|Any CPU
		{654BD2F2-A0D6-4666-94F2-CDE4C770A28D}.Debug|Any CPU.Build.0 = Debug|Any CPU
		{654BD2F2-A0D6-4666-94F2-CDE4C770A28D}.Release|Any CPU.ActiveCfg = Release|Any CPU
		{654BD2F2-A0D6-4666-94F2-CDE4C770A28D}.Release|Any CPU.Build.0 = Release|Any CPU
		{9BBF6BCD-D69F-462D-B431-5B42000C6D66}.Debug|Any CPU.ActiveCfg = Debug|Any CPU
		{9BBF6BCD-D69F-462D-B431-5B42000C6D66}.Debug|Any CPU.Build.0 = Debug|Any CPU
		{9BBF6BCD-D69F-462D-B431-5B42000C6D66}.Release|Any CPU.ActiveCfg = Release|Any CPU
		{9BBF6BCD-D69F-462D-B431-5B42000C6D66}.Release|Any CPU.Build.0 = Release|Any CPU
		{8EC19012-8FFA-4CA7-B9B8-F8D146EF02CE}.Debug|Any CPU.ActiveCfg = Debug|Any CPU
		{8EC19012-8FFA-4CA7-B9B8-F8D146EF02CE}.Debug|Any CPU.Build.0 = Debug|Any CPU
		{8EC19012-8FFA-4CA7-B9B8-F8D146EF02CE}.Release|Any CPU.ActiveCfg = Release|Any CPU
		{8EC19012-8FFA-4CA7-B9B8-F8D146EF02CE}.Release|Any CPU.Build.0 = Release|Any CPU
		{A8041A5D-B224-40EA-BBC7-3E840DAE0969}.Debug|Any CPU.ActiveCfg = Debug|Any CPU
		{A8041A5D-B224-40EA-BBC7-3E840DAE0969}.Debug|Any CPU.Build.0 = Debug|Any CPU
		{A8041A5D-B224-40EA-BBC7-3E840DAE0969}.Release|Any CPU.ActiveCfg = Release|Any CPU
		{A8041A5D-B224-40EA-BBC7-3E840DAE0969}.Release|Any CPU.Build.0 = Release|Any CPU
		{07EE0F60-B01A-4AA1-B964-6DC71838A5F8}.Debug|Any CPU.ActiveCfg = Debug|Any CPU
		{07EE0F60-B01A-4AA1-B964-6DC71838A5F8}.Debug|Any CPU.Build.0 = Debug|Any CPU
		{07EE0F60-B01A-4AA1-B964-6DC71838A5F8}.Release|Any CPU.ActiveCfg = Release|Any CPU
		{07EE0F60-B01A-4AA1-B964-6DC71838A5F8}.Release|Any CPU.Build.0 = Release|Any CPU
		{CBB3DF2C-9FE6-4B93-9842-DA42E11FD31E}.Debug|Any CPU.ActiveCfg = Debug|Any CPU
		{CBB3DF2C-9FE6-4B93-9842-DA42E11FD31E}.Debug|Any CPU.Build.0 = Debug|Any CPU
		{CBB3DF2C-9FE6-4B93-9842-DA42E11FD31E}.Release|Any CPU.ActiveCfg = Release|Any CPU
		{CBB3DF2C-9FE6-4B93-9842-DA42E11FD31E}.Release|Any CPU.Build.0 = Release|Any CPU
		{F86740FD-8B7D-44EA-8991-D26F49F15DBA}.Debug|Any CPU.ActiveCfg = Debug|Any CPU
		{F86740FD-8B7D-44EA-8991-D26F49F15DBA}.Debug|Any CPU.Build.0 = Debug|Any CPU
		{F86740FD-8B7D-44EA-8991-D26F49F15DBA}.Release|Any CPU.ActiveCfg = Release|Any CPU
		{F86740FD-8B7D-44EA-8991-D26F49F15DBA}.Release|Any CPU.Build.0 = Release|Any CPU
		{B5CD73DB-D2EC-436C-9679-220CA5FDAC9A}.Debug|Any CPU.ActiveCfg = Debug|Any CPU
		{B5CD73DB-D2EC-436C-9679-220CA5FDAC9A}.Debug|Any CPU.Build.0 = Debug|Any CPU
		{B5CD73DB-D2EC-436C-9679-220CA5FDAC9A}.Release|Any CPU.ActiveCfg = Release|Any CPU
		{B5CD73DB-D2EC-436C-9679-220CA5FDAC9A}.Release|Any CPU.Build.0 = Release|Any CPU
		{B2495183-7E62-4E9E-9693-A10D93E20421}.Debug|Any CPU.ActiveCfg = Debug|Any CPU
		{B2495183-7E62-4E9E-9693-A10D93E20421}.Debug|Any CPU.Build.0 = Debug|Any CPU
		{B2495183-7E62-4E9E-9693-A10D93E20421}.Release|Any CPU.ActiveCfg = Release|Any CPU
		{B2495183-7E62-4E9E-9693-A10D93E20421}.Release|Any CPU.Build.0 = Release|Any CPU
		{2F8681B5-97C8-4E5C-BB12-2ECD42F6C90E}.Debug|Any CPU.ActiveCfg = Debug|Any CPU
		{2F8681B5-97C8-4E5C-BB12-2ECD42F6C90E}.Debug|Any CPU.Build.0 = Debug|Any CPU
		{2F8681B5-97C8-4E5C-BB12-2ECD42F6C90E}.Release|Any CPU.ActiveCfg = Release|Any CPU
		{2F8681B5-97C8-4E5C-BB12-2ECD42F6C90E}.Release|Any CPU.Build.0 = Release|Any CPU
		{78757B2F-7EDC-4E2E-A2DF-147FEEFB638B}.Debug|Any CPU.ActiveCfg = Debug|Any CPU
		{78757B2F-7EDC-4E2E-A2DF-147FEEFB638B}.Debug|Any CPU.Build.0 = Debug|Any CPU
		{78757B2F-7EDC-4E2E-A2DF-147FEEFB638B}.Release|Any CPU.ActiveCfg = Release|Any CPU
		{78757B2F-7EDC-4E2E-A2DF-147FEEFB638B}.Release|Any CPU.Build.0 = Release|Any CPU
		{A5C1BF1C-FA9E-4A25-9689-4D2EB509B9DE}.Debug|Any CPU.ActiveCfg = Debug|Any CPU
		{A5C1BF1C-FA9E-4A25-9689-4D2EB509B9DE}.Debug|Any CPU.Build.0 = Debug|Any CPU
		{A5C1BF1C-FA9E-4A25-9689-4D2EB509B9DE}.Release|Any CPU.ActiveCfg = Release|Any CPU
		{A5C1BF1C-FA9E-4A25-9689-4D2EB509B9DE}.Release|Any CPU.Build.0 = Release|Any CPU
		{B00B7C03-CCE8-4843-9165-B785C4E387CE}.Debug|Any CPU.ActiveCfg = Debug|Any CPU
		{B00B7C03-CCE8-4843-9165-B785C4E387CE}.Debug|Any CPU.Build.0 = Debug|Any CPU
		{B00B7C03-CCE8-4843-9165-B785C4E387CE}.Release|Any CPU.ActiveCfg = Release|Any CPU
		{B00B7C03-CCE8-4843-9165-B785C4E387CE}.Release|Any CPU.Build.0 = Release|Any CPU
		{42A904B6-1AA0-448A-ABDC-EF5A8CEEAD54}.Debug|Any CPU.ActiveCfg = Debug|Any CPU
		{42A904B6-1AA0-448A-ABDC-EF5A8CEEAD54}.Debug|Any CPU.Build.0 = Debug|Any CPU
		{42A904B6-1AA0-448A-ABDC-EF5A8CEEAD54}.Release|Any CPU.ActiveCfg = Release|Any CPU
		{42A904B6-1AA0-448A-ABDC-EF5A8CEEAD54}.Release|Any CPU.Build.0 = Release|Any CPU
		{7229DA70-49C9-4C32-85F2-1C3788D6EEDE}.Debug|Any CPU.ActiveCfg = Debug|Any CPU
		{7229DA70-49C9-4C32-85F2-1C3788D6EEDE}.Debug|Any CPU.Build.0 = Debug|Any CPU
		{7229DA70-49C9-4C32-85F2-1C3788D6EEDE}.Release|Any CPU.ActiveCfg = Release|Any CPU
		{7229DA70-49C9-4C32-85F2-1C3788D6EEDE}.Release|Any CPU.Build.0 = Release|Any CPU
		{5DBB8341-04AE-4AB5-89D5-2FD72B6B9FB6}.Debug|Any CPU.ActiveCfg = Debug|Any CPU
		{5DBB8341-04AE-4AB5-89D5-2FD72B6B9FB6}.Debug|Any CPU.Build.0 = Debug|Any CPU
		{5DBB8341-04AE-4AB5-89D5-2FD72B6B9FB6}.Release|Any CPU.ActiveCfg = Release|Any CPU
		{5DBB8341-04AE-4AB5-89D5-2FD72B6B9FB6}.Release|Any CPU.Build.0 = Release|Any CPU
		{3DD6A336-5FE3-40B6-8AC2-FA41D4A4EFC9}.Debug|Any CPU.ActiveCfg = Debug|Any CPU
		{3DD6A336-5FE3-40B6-8AC2-FA41D4A4EFC9}.Debug|Any CPU.Build.0 = Debug|Any CPU
		{3DD6A336-5FE3-40B6-8AC2-FA41D4A4EFC9}.Release|Any CPU.ActiveCfg = Release|Any CPU
		{3DD6A336-5FE3-40B6-8AC2-FA41D4A4EFC9}.Release|Any CPU.Build.0 = Release|Any CPU
	EndGlobalSection
	GlobalSection(SolutionProperties) = preSolution
		HideSolutionNode = FALSE
	EndGlobalSection
	GlobalSection(NestedProjects) = preSolution
		{DB167D28-A138-4B9C-B3D3-14F93D999CC3} = {A1E1E7E6-ED90-4C56-97C2-312DE5B5A54F}
		{67DE961F-D1CB-4AE8-A91E-8D9177E1777E} = {DB167D28-A138-4B9C-B3D3-14F93D999CC3}
		{C9E90C08-FD6E-407F-A33F-0B2C05DC2E49} = {BE123348-4817-4257-BB02-100274736105}
		{8F30E125-B955-4C89-93EF-B85B88B85F96} = {C9E90C08-FD6E-407F-A33F-0B2C05DC2E49}
		{1FF4D315-0649-4C68-9E12-B5D8C7CED639} = {C9E90C08-FD6E-407F-A33F-0B2C05DC2E49}
		{654BD2F2-A0D6-4666-94F2-CDE4C770A28D} = {DB167D28-A138-4B9C-B3D3-14F93D999CC3}
		{9BBF6BCD-D69F-462D-B431-5B42000C6D66} = {DB167D28-A138-4B9C-B3D3-14F93D999CC3}
		{8EC19012-8FFA-4CA7-B9B8-F8D146EF02CE} = {DB167D28-A138-4B9C-B3D3-14F93D999CC3}
		{A8041A5D-B224-40EA-BBC7-3E840DAE0969} = {C9E90C08-FD6E-407F-A33F-0B2C05DC2E49}
		{07EE0F60-B01A-4AA1-B964-6DC71838A5F8} = {DB167D28-A138-4B9C-B3D3-14F93D999CC3}
		{F86740FD-8B7D-44EA-8991-D26F49F15DBA} = {C9E90C08-FD6E-407F-A33F-0B2C05DC2E49}
		{FCFD1BE3-C52C-436B-BA5C-10C2D37F8EEF} = {A1E1E7E6-ED90-4C56-97C2-312DE5B5A54F}
		{B5CD73DB-D2EC-436C-9679-220CA5FDAC9A} = {FCFD1BE3-C52C-436B-BA5C-10C2D37F8EEF}
		{B2495183-7E62-4E9E-9693-A10D93E20421} = {FCFD1BE3-C52C-436B-BA5C-10C2D37F8EEF}
		{2F8681B5-97C8-4E5C-BB12-2ECD42F6C90E} = {FCFD1BE3-C52C-436B-BA5C-10C2D37F8EEF}
		{78757B2F-7EDC-4E2E-A2DF-147FEEFB638B} = {FCFD1BE3-C52C-436B-BA5C-10C2D37F8EEF}
		{A5C1BF1C-FA9E-4A25-9689-4D2EB509B9DE} = {FCFD1BE3-C52C-436B-BA5C-10C2D37F8EEF}
		{B00B7C03-CCE8-4843-9165-B785C4E387CE} = {C9E90C08-FD6E-407F-A33F-0B2C05DC2E49}
		{42A904B6-1AA0-448A-ABDC-EF5A8CEEAD54} = {DB167D28-A138-4B9C-B3D3-14F93D999CC3}
		{7229DA70-49C9-4C32-85F2-1C3788D6EEDE} = {FCFD1BE3-C52C-436B-BA5C-10C2D37F8EEF}
		{A5293D13-E9F6-4450-BE7E-A70F8D38E7F1} = {FCFD1BE3-C52C-436B-BA5C-10C2D37F8EEF}
		{C8289B34-1808-41D9-9F6C-01DDF9B59D3D} = {C9E90C08-FD6E-407F-A33F-0B2C05DC2E49}
		{5DBB8341-04AE-4AB5-89D5-2FD72B6B9FB6} = {A5293D13-E9F6-4450-BE7E-A70F8D38E7F1}
		{3DD6A336-5FE3-40B6-8AC2-FA41D4A4EFC9} = {C8289B34-1808-41D9-9F6C-01DDF9B59D3D}
	EndGlobalSection
	GlobalSection(ExtensibilityGlobals) = postSolution
		SolutionGuid = {4CB9FFAA-0741-40AA-BFA6-60CC8D6EC98F}
	EndGlobalSection
EndGlobal
