
Microsoft Visual Studio Solution File, Format Version 12.00
# Visual Studio Version 17
VisualStudioVersion = 17.0.31912.275
MinimumVisualStudioVersion = 10.0.40219.1
Project("{2150E333-8FDC-42A3-9474-1A3956D46DE8}") = "Contexts", "Contexts", "{A1E1E7E6-ED90-4C56-97C2-312DE5B5A54F}"
EndProject
Project("{2150E333-8FDC-42A3-9474-1A3956D46DE8}") = "Identity", "Identity", "{DB167D28-A138-4B9C-B3D3-14F93D999CC3}"
EndProject
Project("{9A19103F-16F7-4668-BE54-9A1E7A4F7556}") = "SuperTutor.Contexts.Identity.Application", "Contexts\Identity\SuperTutor.Contexts.Identity.Application\SuperTutor.Contexts.Identity.Application.csproj", "{67DE961F-D1CB-4AE8-A91E-8D9177E1777E}"
EndProject
Project("{2150E333-8FDC-42A3-9474-1A3956D46DE8}") = "SharedLibraries", "SharedLibraries", "{BE123348-4817-4257-BB02-100274736105}"
EndProject
Project("{2150E333-8FDC-42A3-9474-1A3956D46DE8}") = "BuildingBlocks", "BuildingBlocks", "{C9E90C08-FD6E-407F-A33F-0B2C05DC2E49}"
EndProject
Project("{9A19103F-16F7-4668-BE54-9A1E7A4F7556}") = "SuperTutor.SharedLibraries.BuildingBlocks.Application", "SharedLibraries\BuildingBlocks\SuperTutor.SharedLibraries.BuildingBlocks.Application\SuperTutor.SharedLibraries.BuildingBlocks.Application.csproj", "{8F30E125-B955-4C89-93EF-B85B88B85F96}"
EndProject
Project("{9A19103F-16F7-4668-BE54-9A1E7A4F7556}") = "SuperTutor.SharedLibraries.BuildingBlocks.Domain", "SharedLibraries\BuildingBlocks\SuperTutor.SharedLibraries.BuildingBlocks.Domain\SuperTutor.SharedLibraries.BuildingBlocks.Domain.csproj", "{1FF4D315-0649-4C68-9E12-B5D8C7CED639}"
EndProject
Project("{9A19103F-16F7-4668-BE54-9A1E7A4F7556}") = "SuperTutor.Contexts.Identity.Infrastructure", "Contexts\Identity\SuperTutor.Contexts.Identity.Infrastructure\SuperTutor.Contexts.Identity.Infrastructure.csproj", "{654BD2F2-A0D6-4666-94F2-CDE4C770A28D}"
EndProject
Project("{9A19103F-16F7-4668-BE54-9A1E7A4F7556}") = "SuperTutor.Contexts.Identity.Api", "Contexts\Identity\SuperTutor.Contexts.Identity.Api\SuperTutor.Contexts.Identity.Api.csproj", "{8EC19012-8FFA-4CA7-B9B8-F8D146EF02CE}"
EndProject
Project("{9A19103F-16F7-4668-BE54-9A1E7A4F7556}") = "SuperTutor.SharedLibraries.BuildingBlocks.Api", "SharedLibraries\BuildingBlocks\SuperTutor.SharedLibraries.BuildingBlocks.Api\SuperTutor.SharedLibraries.BuildingBlocks.Api.csproj", "{A8041A5D-B224-40EA-BBC7-3E840DAE0969}"
EndProject
Project("{9A19103F-16F7-4668-BE54-9A1E7A4F7556}") = "SuperTutor.Contexts.Identity.Startup", "Contexts\Identity\SuperTutor.Contexts.Identity.Startup\SuperTutor.Contexts.Identity.Startup.csproj", "{07EE0F60-B01A-4AA1-B964-6DC71838A5F8}"
EndProject
Project("{E53339B2-1760-4266-BCC7-CA923CBCF16C}") = "docker-compose", "docker-compose.dcproj", "{CBB3DF2C-9FE6-4B93-9842-DA42E11FD31E}"
EndProject
Project("{2150E333-8FDC-42A3-9474-1A3956D46DE8}") = "Profiles", "Profiles", "{FCFD1BE3-C52C-436B-BA5C-10C2D37F8EEF}"
EndProject
Project("{9A19103F-16F7-4668-BE54-9A1E7A4F7556}") = "SuperTutor.Contexts.Profiles.Application", "Contexts\Profiles\SuperTutor.Contexts.Profiles.Application\SuperTutor.Contexts.Profiles.Application.csproj", "{B5CD73DB-D2EC-436C-9679-220CA5FDAC9A}"
EndProject
Project("{9A19103F-16F7-4668-BE54-9A1E7A4F7556}") = "SuperTutor.Contexts.Profiles.Domain", "Contexts\Profiles\SuperTutor.Contexts.Profiles.Domain\SuperTutor.Contexts.Profiles.Domain.csproj", "{B2495183-7E62-4E9E-9693-A10D93E20421}"
EndProject
Project("{9A19103F-16F7-4668-BE54-9A1E7A4F7556}") = "SuperTutor.Contexts.Profiles.Api", "Contexts\Profiles\SuperTutor.Contexts.Profiles.Api\SuperTutor.Contexts.Profiles.Api.csproj", "{2F8681B5-97C8-4E5C-BB12-2ECD42F6C90E}"
EndProject
Project("{9A19103F-16F7-4668-BE54-9A1E7A4F7556}") = "SuperTutor.Contexts.Profiles.Startup", "Contexts\Profiles\SuperTutor.Contexts.Profiles.Startup\SuperTutor.Contexts.Profiles.Startup.csproj", "{A5C1BF1C-FA9E-4A25-9689-4D2EB509B9DE}"
EndProject
Project("{9A19103F-16F7-4668-BE54-9A1E7A4F7556}") = "SuperTutor.SharedLibraries.BuildingBlocks.Infrastructure", "SharedLibraries\BuildingBlocks\SuperTutor.SharedLibraries.BuildingBlocks.Infrastructure\SuperTutor.SharedLibraries.BuildingBlocks.Infrastructure.csproj", "{B00B7C03-CCE8-4843-9165-B785C4E387CE}"
EndProject
Project("{9A19103F-16F7-4668-BE54-9A1E7A4F7556}") = "SuperTutor.Contexts.Identity.IntegrationEvents", "Contexts\Identity\SuperTutor.Contexts.Identity.IntegrationEvents\SuperTutor.Contexts.Identity.IntegrationEvents.csproj", "{42A904B6-1AA0-448A-ABDC-EF5A8CEEAD54}"
EndProject
Project("{9A19103F-16F7-4668-BE54-9A1E7A4F7556}") = "SuperTutor.Contexts.Profiles.Infrastructure", "Contexts\Profiles\SuperTutor.Contexts.Profiles.Infrastructure\SuperTutor.Contexts.Profiles.Infrastructure.csproj", "{7229DA70-49C9-4C32-85F2-1C3788D6EEDE}"
EndProject
Project("{2150E333-8FDC-42A3-9474-1A3956D46DE8}") = "Tests", "Tests", "{A5293D13-E9F6-4450-BE7E-A70F8D38E7F1}"
EndProject
Project("{2150E333-8FDC-42A3-9474-1A3956D46DE8}") = "Tests", "Tests", "{C8289B34-1808-41D9-9F6C-01DDF9B59D3D}"
EndProject
Project("{9A19103F-16F7-4668-BE54-9A1E7A4F7556}") = "SuperTutor.Contexts.Profiles.Tests.Unit.Domain", "Contexts\Profiles\Tests\SuperTutor.Contexts.Profiles.Tests.Domain.Unit\SuperTutor.Contexts.Profiles.Tests.Unit.Domain.csproj", "{5DBB8341-04AE-4AB5-89D5-2FD72B6B9FB6}"
EndProject
Project("{9A19103F-16F7-4668-BE54-9A1E7A4F7556}") = "SuperTutor.SharedLibraries.BuildingBlocks.Tests.Domain", "SharedLibraries\BuildingBlocks\Tests\SuperTutor.SharedLibraries.BuildingBlocks.Tests.Domain\SuperTutor.SharedLibraries.BuildingBlocks.Tests.Domain.csproj", "{3DD6A336-5FE3-40B6-8AC2-FA41D4A4EFC9}"
EndProject
Project("{2150E333-8FDC-42A3-9474-1A3956D46DE8}") = "Solution Items", "Solution Items", "{EC5FED04-2C57-4DDB-BEC3-8F82F43CCF1E}"
	ProjectSection(SolutionItems) = preProject
		.editorconfig = .editorconfig
	EndProjectSection
EndProject
Project("{9A19103F-16F7-4668-BE54-9A1E7A4F7556}") = "SuperTutor.Contexts.Profiles.Tests.Acceptance", "Contexts\Profiles\Tests\SuperTutor.Contexts.Profiles.Tests.Application.Behavior\SuperTutor.Contexts.Profiles.Tests.Acceptance.csproj", "{1F9F33C9-D978-4110-902A-7D2C37EC681B}"
EndProject
Project("{2150E333-8FDC-42A3-9474-1A3956D46DE8}") = "Catalog", "Catalog", "{E804220B-A3D4-4BEE-BEF6-B5B559AF5D0C}"
EndProject
Project("{9A19103F-16F7-4668-BE54-9A1E7A4F7556}") = "SuperTutor.Contexts.Catalog.Api", "Contexts\Catalog\SuperTutor.Contexts.Catalog.Api\SuperTutor.Contexts.Catalog.Api.csproj", "{BBBDD310-244D-4903-ADD9-6D042C69F280}"
EndProject
Project("{9A19103F-16F7-4668-BE54-9A1E7A4F7556}") = "SuperTutor.Contexts.Catalog.Startup", "Contexts\Catalog\SuperTutor.Contexts.Catalog.Startup\SuperTutor.Contexts.Catalog.Startup.csproj", "{8EFFA5C1-BE6B-44BA-983B-2D5DD880458E}"
EndProject
Project("{9A19103F-16F7-4668-BE54-9A1E7A4F7556}") = "SuperTutor.Contexts.Catalog.Application", "Contexts\Catalog\SuperTutor.Contexts.Catalog.Application\SuperTutor.Contexts.Catalog.Application.csproj", "{41D55221-98B6-4C84-9FD7-90DFEF37358E}"
EndProject
Project("{9A19103F-16F7-4668-BE54-9A1E7A4F7556}") = "SuperTutor.Contexts.Catalog.Infrastructure", "Contexts\Catalog\SuperTutor.Contexts.Catalog.Infrastructure\SuperTutor.Contexts.Catalog.Infrastructure.csproj", "{0288627D-9179-485A-9BAB-DC7F0F5D88B0}"
EndProject
Project("{9A19103F-16F7-4668-BE54-9A1E7A4F7556}") = "SuperTutor.Contexts.Catalog.Domain", "Contexts\Catalog\SuperTutor.Contexts.Catalog.Domain\SuperTutor.Contexts.Catalog.Domain.csproj", "{18885B2F-7E7E-49B6-9A5C-1FFDF907DF2B}"
EndProject
Project("{2150E333-8FDC-42A3-9474-1A3956D46DE8}") = "Tests", "Tests", "{4AFA11E7-3EF6-4274-B90D-31304D0C7036}"
EndProject
Project("{9A19103F-16F7-4668-BE54-9A1E7A4F7556}") = "SuperTutor.Contexts.Catalog.Tests.Acceptance", "Contexts\Catalog\Tests\SuperTutor.Contexts.Catalog.Tests.Application.Behavior\SuperTutor.Contexts.Catalog.Tests.Acceptance.csproj", "{C59C0F0C-C8F1-4420-AD6A-15DE5FAE436D}"
EndProject
Project("{9A19103F-16F7-4668-BE54-9A1E7A4F7556}") = "SuperTutor.Contexts.Catalog.Tests.Unit.Domain", "Contexts\Catalog\Tests\SuperTutor.Contexts.Catalog.Tests.Domain.Unit\SuperTutor.Contexts.Catalog.Tests.Unit.Domain.csproj", "{723EA1F4-C3DC-43BD-A8C5-D4BF0718AFA2}"
EndProject
Project("{9A19103F-16F7-4668-BE54-9A1E7A4F7556}") = "SuperTutor.Contexts.Profiles.IntegrationEvents", "Contexts\Profiles\SuperTutor.Contexts.Profiles.IntegrationEvents\SuperTutor.Contexts.Profiles.IntegrationEvents.csproj", "{F380D532-3BD9-411C-8657-F0AB438B349A}"
EndProject
Project("{2150E333-8FDC-42A3-9474-1A3956D46DE8}") = "Schedule", "Schedule", "{D7B6D655-A6A9-47A6-850C-91D96960C944}"
EndProject
Project("{9A19103F-16F7-4668-BE54-9A1E7A4F7556}") = "SuperTutor.Contexts.Schedule.Domain", "Contexts\Schedule\SuperTutor.Contexts.Schedule.Domain\SuperTutor.Contexts.Schedule.Domain.csproj", "{BDFF7D5F-2D19-40FD-9319-3A55A1FB1F7B}"
EndProject
Project("{9A19103F-16F7-4668-BE54-9A1E7A4F7556}") = "SuperTutor.Contexts.Schedule.Api", "Contexts\Schedule\SuperTutor.Contexts.Schedule.Api\SuperTutor.Contexts.Schedule.Api.csproj", "{3EEFCE3B-BCBB-407E-9471-F70E581C1EF0}"
EndProject
Project("{9A19103F-16F7-4668-BE54-9A1E7A4F7556}") = "SuperTutor.Contexts.Schedule.Application", "Contexts\Schedule\SuperTutor.Contexts.Schedule.Application\SuperTutor.Contexts.Schedule.Application.csproj", "{9FB9E9AA-29AA-45EC-A613-87F4C7A4B97A}"
EndProject
Project("{9A19103F-16F7-4668-BE54-9A1E7A4F7556}") = "SuperTutor.Contexts.Schedule.Infrastructure", "Contexts\Schedule\SuperTutor.Contexts.Schedule.Infrastructure\SuperTutor.Contexts.Schedule.Infrastructure.csproj", "{8C3EC0AE-5D59-4468-B6CD-A359B6E625F2}"
EndProject
Project("{9A19103F-16F7-4668-BE54-9A1E7A4F7556}") = "SuperTutor.Contexts.Schedule.Startup", "Contexts\Schedule\SuperTutor.Contexts.Schedule.Startup\SuperTutor.Contexts.Schedule.Startup.csproj", "{3DED9048-7FD4-4911-8DD0-820D9FC60BFE}"
EndProject
Project("{2150E333-8FDC-42A3-9474-1A3956D46DE8}") = "Tests", "Tests", "{18773A68-F0C8-4ED7-B0F9-2AB0671536D6}"
EndProject
Project("{9A19103F-16F7-4668-BE54-9A1E7A4F7556}") = "SuperTutor.Contexts.Schedule.Tests.Acceptance", "Contexts\Schedule\Tests\SuperTutor.Contexts.Schedule.Tests.Acceptance\SuperTutor.Contexts.Schedule.Tests.Acceptance.csproj", "{63DE29D3-FFDF-485C-9A64-27603167A2BA}"
EndProject
Project("{2150E333-8FDC-42A3-9474-1A3956D46DE8}") = "Payments", "Payments", "{E0D528FE-1976-413B-A785-D8980A394369}"
EndProject
Project("{9A19103F-16F7-4668-BE54-9A1E7A4F7556}") = "SuperTutor.Contexts.Payments.Api", "Contexts\Payments\SuperTutor.Contexts.Payments.Api\SuperTutor.Contexts.Payments.Api.csproj", "{192BD839-50AA-420B-9023-F56E16406A41}"
EndProject
Project("{9A19103F-16F7-4668-BE54-9A1E7A4F7556}") = "SuperTutor.Contexts.Payments.Application", "Contexts\Payments\SuperTutor.Contexts.Payments.Application\SuperTutor.Contexts.Payments.Application.csproj", "{ADD82D29-B89B-44E7-B06A-10A077239CCB}"
EndProject
Project("{9A19103F-16F7-4668-BE54-9A1E7A4F7556}") = "SuperTutor.Contexts.Payments.Startup", "Contexts\Payments\SuperTutor.Contexts.Payments.Startup\SuperTutor.Contexts.Payments.Startup.csproj", "{605CCA4D-BA1F-47A7-BA5E-50CE61FABACA}"
EndProject
Project("{9A19103F-16F7-4668-BE54-9A1E7A4F7556}") = "SuperTutor.Contexts.Payments.Infrastructure", "Contexts\Payments\SuperTutor.Contexts.Payments.Infrastructure\SuperTutor.Contexts.Payments.Infrastructure.csproj", "{53F8A43B-6367-4072-BE60-FECD258AB469}"
EndProject
Project("{9A19103F-16F7-4668-BE54-9A1E7A4F7556}") = "SuperTutor.Contexts.Payments.Domain", "Contexts\Payments\SuperTutor.Contexts.Payments.Domain\SuperTutor.Contexts.Payments.Domain.csproj", "{E337D41D-8DC3-451C-AC9C-568BCFC7439A}"
EndProject
Project("{2150E333-8FDC-42A3-9474-1A3956D46DE8}") = "ApiGateways", "ApiGateways", "{27C8F3DE-3BBD-4740-BC57-01869069A728}"
EndProject
Project("{9A19103F-16F7-4668-BE54-9A1E7A4F7556}") = "SuperTutor.ApiGateways.Web", "ApiGateways\SuperTutor.ApiGateways.Web\SuperTutor.ApiGateways.Web.csproj", "{A4468078-58B6-4168-803A-387BA0F0D77F}"
EndProject
Project("{9A19103F-16F7-4668-BE54-9A1E7A4F7556}") = "SuperTutor.Contexts.Identity.Domain", "Contexts\Identity\SuperTutor.Contexts.Identity.Domain\SuperTutor.Contexts.Identity.Domain.csproj", "{1F269EB0-3D19-4202-957F-832700A2ED6B}"
EndProject
Project("{2150E333-8FDC-42A3-9474-1A3956D46DE8}") = "Classrooms", "Classrooms", "{22DD0B4A-D343-42CC-8C42-6AB72FC9D3F0}"
EndProject
Project("{9A19103F-16F7-4668-BE54-9A1E7A4F7556}") = "SuperTutor.Contexts.Classrooms.Api", "Contexts\Classrooms\SuperTutor.Contexts.Classrooms.Api\SuperTutor.Contexts.Classrooms.Api.csproj", "{24FB90EE-A0D4-4BA1-940A-60698548D34F}"
EndProject
Project("{9A19103F-16F7-4668-BE54-9A1E7A4F7556}") = "SuperTutor.Contexts.Classrooms.Application", "Contexts\Classrooms\SuperTutor.Contexts.Classrooms.Application\SuperTutor.Contexts.Classrooms.Application.csproj", "{C861A499-E4A5-49A7-9151-00B69FF7441C}"
EndProject
Project("{9A19103F-16F7-4668-BE54-9A1E7A4F7556}") = "SuperTutor.Contexts.Classrooms.Domain", "Contexts\Classrooms\SuperTutor.Contexts.Classrooms.Domain\SuperTutor.Contexts.Classrooms.Domain.csproj", "{3AC08CD2-F0E3-4E25-BA39-55E0784A35BE}"
EndProject
Project("{9A19103F-16F7-4668-BE54-9A1E7A4F7556}") = "SuperTutor.Contexts.Classrooms.Infrastructure", "Contexts\Classrooms\SuperTutor.Contexts.Classrooms.Infrastructure\SuperTutor.Contexts.Classrooms.Infrastructure.csproj", "{CDDE0295-D5F5-4CE2-BF84-0B462EE89BFB}"
EndProject
Project("{9A19103F-16F7-4668-BE54-9A1E7A4F7556}") = "SuperTutor.Contexts.Classrooms.Startup", "Contexts\Classrooms\SuperTutor.Contexts.Classrooms.Startup\SuperTutor.Contexts.Classrooms.Startup.csproj", "{AA1F2A6E-729A-4074-A44E-FA2E42967048}"
EndProject
Project("{9A19103F-16F7-4668-BE54-9A1E7A4F7556}") = "SuperTutor.Contexts.Payments.IntegrationEvents", "Contexts\Payments\SuperTutor.Contexts.Payments.IntegrationEvents\SuperTutor.Contexts.Payments.IntegrationEvents.csproj", "{9A162CBF-B2A9-4C89-8368-1915FBC6F029}"
EndProject
Project("{9A19103F-16F7-4668-BE54-9A1E7A4F7556}") = "SuperTutor.Contexts.Schedule.IntegrationEvents", "Contexts\Schedule\SuperTutor.Contexts.Schedule.IntegrationEvents\SuperTutor.Contexts.Schedule.IntegrationEvents.csproj", "{59246E02-DCD7-4F65-90C8-2BB950F74728}"
EndProject
Project("{9A19103F-16F7-4668-BE54-9A1E7A4F7556}") = "SuperTutor.ApiGateways.Admin", "ApiGateways\SuperTutor.ApiGateways.Admin\SuperTutor.ApiGateways.Admin.csproj", "{0019A9F2-CD20-4725-BFCB-AE0AEE55753D}"
EndProject
Project("{2150E333-8FDC-42A3-9474-1A3956D46DE8}") = "Tests", "Tests", "{743795FB-3E5E-46DB-9109-9E70250D3BD4}"
EndProject
Project("{FAE04EC0-301F-11D3-BF4B-00C04F79EFBC}") = "SuperTutor.Contexts.Classrooms.Tests.Acceptance", "Contexts\Classrooms\Tests\SuperTutor.Contexts.Classrooms.Tests.Acceptance\SuperTutor.Contexts.Classrooms.Tests.Acceptance.csproj", "{0A16D1DE-594F-482A-AD7A-AAB6FB3460A7}"
EndProject
Project("{2150E333-8FDC-42A3-9474-1A3956D46DE8}") = "Tests", "Tests", "{7AB9EC54-7C11-4685-9D21-99DA064C9C72}"
EndProject
Project("{FAE04EC0-301F-11D3-BF4B-00C04F79EFBC}") = "SuperTutor.Contexts.Identity.Tests.Acceptance", "Contexts\Identity\Tests\SuperTutor.Contexts.Identity.Tests.Acceptance\SuperTutor.Contexts.Identity.Tests.Acceptance.csproj", "{8CBD2E3C-83CC-4FAE-A4C3-380D14342A71}"
EndProject
Project("{2150E333-8FDC-42A3-9474-1A3956D46DE8}") = "Tests", "Tests", "{85C44F9C-4B81-40A2-A96D-08717F3A8D2A}"
EndProject
Project("{FAE04EC0-301F-11D3-BF4B-00C04F79EFBC}") = "SuperTutor.Contexts.Payments.Tests.Acceptance", "Contexts\Payments\Tests\SuperTutor.Contexts.Payments.Tests.Acceptance\SuperTutor.Contexts.Payments.Tests.Acceptance.csproj", "{249328A8-1280-4AED-A5AE-9885610E3DE9}"
EndProject
Global
	GlobalSection(SolutionConfigurationPlatforms) = preSolution
		Debug|Any CPU = Debug|Any CPU
		Release|Any CPU = Release|Any CPU
	EndGlobalSection
	GlobalSection(ProjectConfigurationPlatforms) = postSolution
		{67DE961F-D1CB-4AE8-A91E-8D9177E1777E}.Debug|Any CPU.ActiveCfg = Debug|Any CPU
		{67DE961F-D1CB-4AE8-A91E-8D9177E1777E}.Debug|Any CPU.Build.0 = Debug|Any CPU
		{67DE961F-D1CB-4AE8-A91E-8D9177E1777E}.Release|Any CPU.ActiveCfg = Release|Any CPU
		{67DE961F-D1CB-4AE8-A91E-8D9177E1777E}.Release|Any CPU.Build.0 = Release|Any CPU
		{8F30E125-B955-4C89-93EF-B85B88B85F96}.Debug|Any CPU.ActiveCfg = Debug|Any CPU
		{8F30E125-B955-4C89-93EF-B85B88B85F96}.Debug|Any CPU.Build.0 = Debug|Any CPU
		{8F30E125-B955-4C89-93EF-B85B88B85F96}.Release|Any CPU.ActiveCfg = Release|Any CPU
		{8F30E125-B955-4C89-93EF-B85B88B85F96}.Release|Any CPU.Build.0 = Release|Any CPU
		{1FF4D315-0649-4C68-9E12-B5D8C7CED639}.Debug|Any CPU.ActiveCfg = Debug|Any CPU
		{1FF4D315-0649-4C68-9E12-B5D8C7CED639}.Debug|Any CPU.Build.0 = Debug|Any CPU
		{1FF4D315-0649-4C68-9E12-B5D8C7CED639}.Release|Any CPU.ActiveCfg = Release|Any CPU
		{1FF4D315-0649-4C68-9E12-B5D8C7CED639}.Release|Any CPU.Build.0 = Release|Any CPU
		{654BD2F2-A0D6-4666-94F2-CDE4C770A28D}.Debug|Any CPU.ActiveCfg = Debug|Any CPU
		{654BD2F2-A0D6-4666-94F2-CDE4C770A28D}.Debug|Any CPU.Build.0 = Debug|Any CPU
		{654BD2F2-A0D6-4666-94F2-CDE4C770A28D}.Release|Any CPU.ActiveCfg = Release|Any CPU
		{654BD2F2-A0D6-4666-94F2-CDE4C770A28D}.Release|Any CPU.Build.0 = Release|Any CPU
		{8EC19012-8FFA-4CA7-B9B8-F8D146EF02CE}.Debug|Any CPU.ActiveCfg = Debug|Any CPU
		{8EC19012-8FFA-4CA7-B9B8-F8D146EF02CE}.Debug|Any CPU.Build.0 = Debug|Any CPU
		{8EC19012-8FFA-4CA7-B9B8-F8D146EF02CE}.Release|Any CPU.ActiveCfg = Release|Any CPU
		{8EC19012-8FFA-4CA7-B9B8-F8D146EF02CE}.Release|Any CPU.Build.0 = Release|Any CPU
		{A8041A5D-B224-40EA-BBC7-3E840DAE0969}.Debug|Any CPU.ActiveCfg = Debug|Any CPU
		{A8041A5D-B224-40EA-BBC7-3E840DAE0969}.Debug|Any CPU.Build.0 = Debug|Any CPU
		{A8041A5D-B224-40EA-BBC7-3E840DAE0969}.Release|Any CPU.ActiveCfg = Release|Any CPU
		{A8041A5D-B224-40EA-BBC7-3E840DAE0969}.Release|Any CPU.Build.0 = Release|Any CPU
		{07EE0F60-B01A-4AA1-B964-6DC71838A5F8}.Debug|Any CPU.ActiveCfg = Debug|Any CPU
		{07EE0F60-B01A-4AA1-B964-6DC71838A5F8}.Debug|Any CPU.Build.0 = Debug|Any CPU
		{07EE0F60-B01A-4AA1-B964-6DC71838A5F8}.Release|Any CPU.ActiveCfg = Release|Any CPU
		{07EE0F60-B01A-4AA1-B964-6DC71838A5F8}.Release|Any CPU.Build.0 = Release|Any CPU
		{CBB3DF2C-9FE6-4B93-9842-DA42E11FD31E}.Debug|Any CPU.ActiveCfg = Debug|Any CPU
		{CBB3DF2C-9FE6-4B93-9842-DA42E11FD31E}.Debug|Any CPU.Build.0 = Debug|Any CPU
		{CBB3DF2C-9FE6-4B93-9842-DA42E11FD31E}.Release|Any CPU.ActiveCfg = Release|Any CPU
		{CBB3DF2C-9FE6-4B93-9842-DA42E11FD31E}.Release|Any CPU.Build.0 = Release|Any CPU
		{B5CD73DB-D2EC-436C-9679-220CA5FDAC9A}.Debug|Any CPU.ActiveCfg = Debug|Any CPU
		{B5CD73DB-D2EC-436C-9679-220CA5FDAC9A}.Debug|Any CPU.Build.0 = Debug|Any CPU
		{B5CD73DB-D2EC-436C-9679-220CA5FDAC9A}.Release|Any CPU.ActiveCfg = Release|Any CPU
		{B5CD73DB-D2EC-436C-9679-220CA5FDAC9A}.Release|Any CPU.Build.0 = Release|Any CPU
		{B2495183-7E62-4E9E-9693-A10D93E20421}.Debug|Any CPU.ActiveCfg = Debug|Any CPU
		{B2495183-7E62-4E9E-9693-A10D93E20421}.Debug|Any CPU.Build.0 = Debug|Any CPU
		{B2495183-7E62-4E9E-9693-A10D93E20421}.Release|Any CPU.ActiveCfg = Release|Any CPU
		{B2495183-7E62-4E9E-9693-A10D93E20421}.Release|Any CPU.Build.0 = Release|Any CPU
		{2F8681B5-97C8-4E5C-BB12-2ECD42F6C90E}.Debug|Any CPU.ActiveCfg = Debug|Any CPU
		{2F8681B5-97C8-4E5C-BB12-2ECD42F6C90E}.Debug|Any CPU.Build.0 = Debug|Any CPU
		{2F8681B5-97C8-4E5C-BB12-2ECD42F6C90E}.Release|Any CPU.ActiveCfg = Release|Any CPU
		{2F8681B5-97C8-4E5C-BB12-2ECD42F6C90E}.Release|Any CPU.Build.0 = Release|Any CPU
		{A5C1BF1C-FA9E-4A25-9689-4D2EB509B9DE}.Debug|Any CPU.ActiveCfg = Debug|Any CPU
		{A5C1BF1C-FA9E-4A25-9689-4D2EB509B9DE}.Debug|Any CPU.Build.0 = Debug|Any CPU
		{A5C1BF1C-FA9E-4A25-9689-4D2EB509B9DE}.Release|Any CPU.ActiveCfg = Release|Any CPU
		{A5C1BF1C-FA9E-4A25-9689-4D2EB509B9DE}.Release|Any CPU.Build.0 = Release|Any CPU
		{B00B7C03-CCE8-4843-9165-B785C4E387CE}.Debug|Any CPU.ActiveCfg = Debug|Any CPU
		{B00B7C03-CCE8-4843-9165-B785C4E387CE}.Debug|Any CPU.Build.0 = Debug|Any CPU
		{B00B7C03-CCE8-4843-9165-B785C4E387CE}.Release|Any CPU.ActiveCfg = Release|Any CPU
		{B00B7C03-CCE8-4843-9165-B785C4E387CE}.Release|Any CPU.Build.0 = Release|Any CPU
		{42A904B6-1AA0-448A-ABDC-EF5A8CEEAD54}.Debug|Any CPU.ActiveCfg = Debug|Any CPU
		{42A904B6-1AA0-448A-ABDC-EF5A8CEEAD54}.Debug|Any CPU.Build.0 = Debug|Any CPU
		{42A904B6-1AA0-448A-ABDC-EF5A8CEEAD54}.Release|Any CPU.ActiveCfg = Release|Any CPU
		{42A904B6-1AA0-448A-ABDC-EF5A8CEEAD54}.Release|Any CPU.Build.0 = Release|Any CPU
		{7229DA70-49C9-4C32-85F2-1C3788D6EEDE}.Debug|Any CPU.ActiveCfg = Debug|Any CPU
		{7229DA70-49C9-4C32-85F2-1C3788D6EEDE}.Debug|Any CPU.Build.0 = Debug|Any CPU
		{7229DA70-49C9-4C32-85F2-1C3788D6EEDE}.Release|Any CPU.ActiveCfg = Release|Any CPU
		{7229DA70-49C9-4C32-85F2-1C3788D6EEDE}.Release|Any CPU.Build.0 = Release|Any CPU
		{5DBB8341-04AE-4AB5-89D5-2FD72B6B9FB6}.Debug|Any CPU.ActiveCfg = Debug|Any CPU
		{5DBB8341-04AE-4AB5-89D5-2FD72B6B9FB6}.Debug|Any CPU.Build.0 = Debug|Any CPU
		{5DBB8341-04AE-4AB5-89D5-2FD72B6B9FB6}.Release|Any CPU.ActiveCfg = Release|Any CPU
		{5DBB8341-04AE-4AB5-89D5-2FD72B6B9FB6}.Release|Any CPU.Build.0 = Release|Any CPU
		{3DD6A336-5FE3-40B6-8AC2-FA41D4A4EFC9}.Debug|Any CPU.ActiveCfg = Debug|Any CPU
		{3DD6A336-5FE3-40B6-8AC2-FA41D4A4EFC9}.Debug|Any CPU.Build.0 = Debug|Any CPU
		{3DD6A336-5FE3-40B6-8AC2-FA41D4A4EFC9}.Release|Any CPU.ActiveCfg = Release|Any CPU
		{3DD6A336-5FE3-40B6-8AC2-FA41D4A4EFC9}.Release|Any CPU.Build.0 = Release|Any CPU
		{1F9F33C9-D978-4110-902A-7D2C37EC681B}.Debug|Any CPU.ActiveCfg = Debug|Any CPU
		{1F9F33C9-D978-4110-902A-7D2C37EC681B}.Debug|Any CPU.Build.0 = Debug|Any CPU
		{1F9F33C9-D978-4110-902A-7D2C37EC681B}.Release|Any CPU.ActiveCfg = Release|Any CPU
		{1F9F33C9-D978-4110-902A-7D2C37EC681B}.Release|Any CPU.Build.0 = Release|Any CPU
		{BBBDD310-244D-4903-ADD9-6D042C69F280}.Debug|Any CPU.ActiveCfg = Debug|Any CPU
		{BBBDD310-244D-4903-ADD9-6D042C69F280}.Debug|Any CPU.Build.0 = Debug|Any CPU
		{BBBDD310-244D-4903-ADD9-6D042C69F280}.Release|Any CPU.ActiveCfg = Release|Any CPU
		{BBBDD310-244D-4903-ADD9-6D042C69F280}.Release|Any CPU.Build.0 = Release|Any CPU
		{8EFFA5C1-BE6B-44BA-983B-2D5DD880458E}.Debug|Any CPU.ActiveCfg = Debug|Any CPU
		{8EFFA5C1-BE6B-44BA-983B-2D5DD880458E}.Debug|Any CPU.Build.0 = Debug|Any CPU
		{8EFFA5C1-BE6B-44BA-983B-2D5DD880458E}.Release|Any CPU.ActiveCfg = Release|Any CPU
		{8EFFA5C1-BE6B-44BA-983B-2D5DD880458E}.Release|Any CPU.Build.0 = Release|Any CPU
		{41D55221-98B6-4C84-9FD7-90DFEF37358E}.Debug|Any CPU.ActiveCfg = Debug|Any CPU
		{41D55221-98B6-4C84-9FD7-90DFEF37358E}.Debug|Any CPU.Build.0 = Debug|Any CPU
		{41D55221-98B6-4C84-9FD7-90DFEF37358E}.Release|Any CPU.ActiveCfg = Release|Any CPU
		{41D55221-98B6-4C84-9FD7-90DFEF37358E}.Release|Any CPU.Build.0 = Release|Any CPU
		{0288627D-9179-485A-9BAB-DC7F0F5D88B0}.Debug|Any CPU.ActiveCfg = Debug|Any CPU
		{0288627D-9179-485A-9BAB-DC7F0F5D88B0}.Debug|Any CPU.Build.0 = Debug|Any CPU
		{0288627D-9179-485A-9BAB-DC7F0F5D88B0}.Release|Any CPU.ActiveCfg = Release|Any CPU
		{0288627D-9179-485A-9BAB-DC7F0F5D88B0}.Release|Any CPU.Build.0 = Release|Any CPU
		{18885B2F-7E7E-49B6-9A5C-1FFDF907DF2B}.Debug|Any CPU.ActiveCfg = Debug|Any CPU
		{18885B2F-7E7E-49B6-9A5C-1FFDF907DF2B}.Debug|Any CPU.Build.0 = Debug|Any CPU
		{18885B2F-7E7E-49B6-9A5C-1FFDF907DF2B}.Release|Any CPU.ActiveCfg = Release|Any CPU
		{18885B2F-7E7E-49B6-9A5C-1FFDF907DF2B}.Release|Any CPU.Build.0 = Release|Any CPU
		{C59C0F0C-C8F1-4420-AD6A-15DE5FAE436D}.Debug|Any CPU.ActiveCfg = Debug|Any CPU
		{C59C0F0C-C8F1-4420-AD6A-15DE5FAE436D}.Debug|Any CPU.Build.0 = Debug|Any CPU
		{C59C0F0C-C8F1-4420-AD6A-15DE5FAE436D}.Release|Any CPU.ActiveCfg = Release|Any CPU
		{C59C0F0C-C8F1-4420-AD6A-15DE5FAE436D}.Release|Any CPU.Build.0 = Release|Any CPU
		{723EA1F4-C3DC-43BD-A8C5-D4BF0718AFA2}.Debug|Any CPU.ActiveCfg = Debug|Any CPU
		{723EA1F4-C3DC-43BD-A8C5-D4BF0718AFA2}.Debug|Any CPU.Build.0 = Debug|Any CPU
		{723EA1F4-C3DC-43BD-A8C5-D4BF0718AFA2}.Release|Any CPU.ActiveCfg = Release|Any CPU
		{723EA1F4-C3DC-43BD-A8C5-D4BF0718AFA2}.Release|Any CPU.Build.0 = Release|Any CPU
		{F380D532-3BD9-411C-8657-F0AB438B349A}.Debug|Any CPU.ActiveCfg = Debug|Any CPU
		{F380D532-3BD9-411C-8657-F0AB438B349A}.Debug|Any CPU.Build.0 = Debug|Any CPU
		{F380D532-3BD9-411C-8657-F0AB438B349A}.Release|Any CPU.ActiveCfg = Release|Any CPU
		{F380D532-3BD9-411C-8657-F0AB438B349A}.Release|Any CPU.Build.0 = Release|Any CPU
		{BDFF7D5F-2D19-40FD-9319-3A55A1FB1F7B}.Debug|Any CPU.ActiveCfg = Debug|Any CPU
		{BDFF7D5F-2D19-40FD-9319-3A55A1FB1F7B}.Debug|Any CPU.Build.0 = Debug|Any CPU
		{BDFF7D5F-2D19-40FD-9319-3A55A1FB1F7B}.Release|Any CPU.ActiveCfg = Release|Any CPU
		{BDFF7D5F-2D19-40FD-9319-3A55A1FB1F7B}.Release|Any CPU.Build.0 = Release|Any CPU
		{3EEFCE3B-BCBB-407E-9471-F70E581C1EF0}.Debug|Any CPU.ActiveCfg = Debug|Any CPU
		{3EEFCE3B-BCBB-407E-9471-F70E581C1EF0}.Debug|Any CPU.Build.0 = Debug|Any CPU
		{3EEFCE3B-BCBB-407E-9471-F70E581C1EF0}.Release|Any CPU.ActiveCfg = Release|Any CPU
		{3EEFCE3B-BCBB-407E-9471-F70E581C1EF0}.Release|Any CPU.Build.0 = Release|Any CPU
		{9FB9E9AA-29AA-45EC-A613-87F4C7A4B97A}.Debug|Any CPU.ActiveCfg = Debug|Any CPU
		{9FB9E9AA-29AA-45EC-A613-87F4C7A4B97A}.Debug|Any CPU.Build.0 = Debug|Any CPU
		{9FB9E9AA-29AA-45EC-A613-87F4C7A4B97A}.Release|Any CPU.ActiveCfg = Release|Any CPU
		{9FB9E9AA-29AA-45EC-A613-87F4C7A4B97A}.Release|Any CPU.Build.0 = Release|Any CPU
		{8C3EC0AE-5D59-4468-B6CD-A359B6E625F2}.Debug|Any CPU.ActiveCfg = Debug|Any CPU
		{8C3EC0AE-5D59-4468-B6CD-A359B6E625F2}.Debug|Any CPU.Build.0 = Debug|Any CPU
		{8C3EC0AE-5D59-4468-B6CD-A359B6E625F2}.Release|Any CPU.ActiveCfg = Release|Any CPU
		{8C3EC0AE-5D59-4468-B6CD-A359B6E625F2}.Release|Any CPU.Build.0 = Release|Any CPU
		{3DED9048-7FD4-4911-8DD0-820D9FC60BFE}.Debug|Any CPU.ActiveCfg = Debug|Any CPU
		{3DED9048-7FD4-4911-8DD0-820D9FC60BFE}.Debug|Any CPU.Build.0 = Debug|Any CPU
		{3DED9048-7FD4-4911-8DD0-820D9FC60BFE}.Release|Any CPU.ActiveCfg = Release|Any CPU
		{3DED9048-7FD4-4911-8DD0-820D9FC60BFE}.Release|Any CPU.Build.0 = Release|Any CPU
		{63DE29D3-FFDF-485C-9A64-27603167A2BA}.Debug|Any CPU.ActiveCfg = Debug|Any CPU
		{63DE29D3-FFDF-485C-9A64-27603167A2BA}.Debug|Any CPU.Build.0 = Debug|Any CPU
		{63DE29D3-FFDF-485C-9A64-27603167A2BA}.Release|Any CPU.ActiveCfg = Release|Any CPU
		{63DE29D3-FFDF-485C-9A64-27603167A2BA}.Release|Any CPU.Build.0 = Release|Any CPU
		{192BD839-50AA-420B-9023-F56E16406A41}.Debug|Any CPU.ActiveCfg = Debug|Any CPU
		{192BD839-50AA-420B-9023-F56E16406A41}.Debug|Any CPU.Build.0 = Debug|Any CPU
		{192BD839-50AA-420B-9023-F56E16406A41}.Release|Any CPU.ActiveCfg = Release|Any CPU
		{192BD839-50AA-420B-9023-F56E16406A41}.Release|Any CPU.Build.0 = Release|Any CPU
		{ADD82D29-B89B-44E7-B06A-10A077239CCB}.Debug|Any CPU.ActiveCfg = Debug|Any CPU
		{ADD82D29-B89B-44E7-B06A-10A077239CCB}.Debug|Any CPU.Build.0 = Debug|Any CPU
		{ADD82D29-B89B-44E7-B06A-10A077239CCB}.Release|Any CPU.ActiveCfg = Release|Any CPU
		{ADD82D29-B89B-44E7-B06A-10A077239CCB}.Release|Any CPU.Build.0 = Release|Any CPU
		{605CCA4D-BA1F-47A7-BA5E-50CE61FABACA}.Debug|Any CPU.ActiveCfg = Debug|Any CPU
		{605CCA4D-BA1F-47A7-BA5E-50CE61FABACA}.Debug|Any CPU.Build.0 = Debug|Any CPU
		{605CCA4D-BA1F-47A7-BA5E-50CE61FABACA}.Release|Any CPU.ActiveCfg = Release|Any CPU
		{605CCA4D-BA1F-47A7-BA5E-50CE61FABACA}.Release|Any CPU.Build.0 = Release|Any CPU
		{53F8A43B-6367-4072-BE60-FECD258AB469}.Debug|Any CPU.ActiveCfg = Debug|Any CPU
		{53F8A43B-6367-4072-BE60-FECD258AB469}.Debug|Any CPU.Build.0 = Debug|Any CPU
		{53F8A43B-6367-4072-BE60-FECD258AB469}.Release|Any CPU.ActiveCfg = Release|Any CPU
		{53F8A43B-6367-4072-BE60-FECD258AB469}.Release|Any CPU.Build.0 = Release|Any CPU
		{E337D41D-8DC3-451C-AC9C-568BCFC7439A}.Debug|Any CPU.ActiveCfg = Debug|Any CPU
		{E337D41D-8DC3-451C-AC9C-568BCFC7439A}.Debug|Any CPU.Build.0 = Debug|Any CPU
		{E337D41D-8DC3-451C-AC9C-568BCFC7439A}.Release|Any CPU.ActiveCfg = Release|Any CPU
		{E337D41D-8DC3-451C-AC9C-568BCFC7439A}.Release|Any CPU.Build.0 = Release|Any CPU
		{A4468078-58B6-4168-803A-387BA0F0D77F}.Debug|Any CPU.ActiveCfg = Debug|Any CPU
		{A4468078-58B6-4168-803A-387BA0F0D77F}.Debug|Any CPU.Build.0 = Debug|Any CPU
		{A4468078-58B6-4168-803A-387BA0F0D77F}.Release|Any CPU.ActiveCfg = Release|Any CPU
		{A4468078-58B6-4168-803A-387BA0F0D77F}.Release|Any CPU.Build.0 = Release|Any CPU
		{1F269EB0-3D19-4202-957F-832700A2ED6B}.Debug|Any CPU.ActiveCfg = Debug|Any CPU
		{1F269EB0-3D19-4202-957F-832700A2ED6B}.Debug|Any CPU.Build.0 = Debug|Any CPU
		{1F269EB0-3D19-4202-957F-832700A2ED6B}.Release|Any CPU.ActiveCfg = Release|Any CPU
		{1F269EB0-3D19-4202-957F-832700A2ED6B}.Release|Any CPU.Build.0 = Release|Any CPU
		{24FB90EE-A0D4-4BA1-940A-60698548D34F}.Debug|Any CPU.ActiveCfg = Debug|Any CPU
		{24FB90EE-A0D4-4BA1-940A-60698548D34F}.Debug|Any CPU.Build.0 = Debug|Any CPU
		{24FB90EE-A0D4-4BA1-940A-60698548D34F}.Release|Any CPU.ActiveCfg = Release|Any CPU
		{24FB90EE-A0D4-4BA1-940A-60698548D34F}.Release|Any CPU.Build.0 = Release|Any CPU
		{C861A499-E4A5-49A7-9151-00B69FF7441C}.Debug|Any CPU.ActiveCfg = Debug|Any CPU
		{C861A499-E4A5-49A7-9151-00B69FF7441C}.Debug|Any CPU.Build.0 = Debug|Any CPU
		{C861A499-E4A5-49A7-9151-00B69FF7441C}.Release|Any CPU.ActiveCfg = Release|Any CPU
		{C861A499-E4A5-49A7-9151-00B69FF7441C}.Release|Any CPU.Build.0 = Release|Any CPU
		{3AC08CD2-F0E3-4E25-BA39-55E0784A35BE}.Debug|Any CPU.ActiveCfg = Debug|Any CPU
		{3AC08CD2-F0E3-4E25-BA39-55E0784A35BE}.Debug|Any CPU.Build.0 = Debug|Any CPU
		{3AC08CD2-F0E3-4E25-BA39-55E0784A35BE}.Release|Any CPU.ActiveCfg = Release|Any CPU
		{3AC08CD2-F0E3-4E25-BA39-55E0784A35BE}.Release|Any CPU.Build.0 = Release|Any CPU
		{CDDE0295-D5F5-4CE2-BF84-0B462EE89BFB}.Debug|Any CPU.ActiveCfg = Debug|Any CPU
		{CDDE0295-D5F5-4CE2-BF84-0B462EE89BFB}.Debug|Any CPU.Build.0 = Debug|Any CPU
		{CDDE0295-D5F5-4CE2-BF84-0B462EE89BFB}.Release|Any CPU.ActiveCfg = Release|Any CPU
		{CDDE0295-D5F5-4CE2-BF84-0B462EE89BFB}.Release|Any CPU.Build.0 = Release|Any CPU
		{AA1F2A6E-729A-4074-A44E-FA2E42967048}.Debug|Any CPU.ActiveCfg = Debug|Any CPU
		{AA1F2A6E-729A-4074-A44E-FA2E42967048}.Debug|Any CPU.Build.0 = Debug|Any CPU
		{AA1F2A6E-729A-4074-A44E-FA2E42967048}.Release|Any CPU.ActiveCfg = Release|Any CPU
		{AA1F2A6E-729A-4074-A44E-FA2E42967048}.Release|Any CPU.Build.0 = Release|Any CPU
		{9A162CBF-B2A9-4C89-8368-1915FBC6F029}.Debug|Any CPU.ActiveCfg = Debug|Any CPU
		{9A162CBF-B2A9-4C89-8368-1915FBC6F029}.Debug|Any CPU.Build.0 = Debug|Any CPU
		{9A162CBF-B2A9-4C89-8368-1915FBC6F029}.Release|Any CPU.ActiveCfg = Release|Any CPU
		{9A162CBF-B2A9-4C89-8368-1915FBC6F029}.Release|Any CPU.Build.0 = Release|Any CPU
		{59246E02-DCD7-4F65-90C8-2BB950F74728}.Debug|Any CPU.ActiveCfg = Debug|Any CPU
		{59246E02-DCD7-4F65-90C8-2BB950F74728}.Debug|Any CPU.Build.0 = Debug|Any CPU
		{59246E02-DCD7-4F65-90C8-2BB950F74728}.Release|Any CPU.ActiveCfg = Release|Any CPU
		{59246E02-DCD7-4F65-90C8-2BB950F74728}.Release|Any CPU.Build.0 = Release|Any CPU
		{0019A9F2-CD20-4725-BFCB-AE0AEE55753D}.Debug|Any CPU.ActiveCfg = Debug|Any CPU
		{0019A9F2-CD20-4725-BFCB-AE0AEE55753D}.Debug|Any CPU.Build.0 = Debug|Any CPU
		{0019A9F2-CD20-4725-BFCB-AE0AEE55753D}.Release|Any CPU.ActiveCfg = Release|Any CPU
		{0019A9F2-CD20-4725-BFCB-AE0AEE55753D}.Release|Any CPU.Build.0 = Release|Any CPU
		{0A16D1DE-594F-482A-AD7A-AAB6FB3460A7}.Debug|Any CPU.ActiveCfg = Debug|Any CPU
		{0A16D1DE-594F-482A-AD7A-AAB6FB3460A7}.Debug|Any CPU.Build.0 = Debug|Any CPU
		{0A16D1DE-594F-482A-AD7A-AAB6FB3460A7}.Release|Any CPU.ActiveCfg = Release|Any CPU
		{0A16D1DE-594F-482A-AD7A-AAB6FB3460A7}.Release|Any CPU.Build.0 = Release|Any CPU
		{8CBD2E3C-83CC-4FAE-A4C3-380D14342A71}.Debug|Any CPU.ActiveCfg = Debug|Any CPU
		{8CBD2E3C-83CC-4FAE-A4C3-380D14342A71}.Debug|Any CPU.Build.0 = Debug|Any CPU
		{8CBD2E3C-83CC-4FAE-A4C3-380D14342A71}.Release|Any CPU.ActiveCfg = Release|Any CPU
		{8CBD2E3C-83CC-4FAE-A4C3-380D14342A71}.Release|Any CPU.Build.0 = Release|Any CPU
		{249328A8-1280-4AED-A5AE-9885610E3DE9}.Debug|Any CPU.ActiveCfg = Debug|Any CPU
		{249328A8-1280-4AED-A5AE-9885610E3DE9}.Debug|Any CPU.Build.0 = Debug|Any CPU
		{249328A8-1280-4AED-A5AE-9885610E3DE9}.Release|Any CPU.ActiveCfg = Release|Any CPU
		{249328A8-1280-4AED-A5AE-9885610E3DE9}.Release|Any CPU.Build.0 = Release|Any CPU
	EndGlobalSection
	GlobalSection(SolutionProperties) = preSolution
		HideSolutionNode = FALSE
	EndGlobalSection
	GlobalSection(NestedProjects) = preSolution
		{DB167D28-A138-4B9C-B3D3-14F93D999CC3} = {A1E1E7E6-ED90-4C56-97C2-312DE5B5A54F}
		{67DE961F-D1CB-4AE8-A91E-8D9177E1777E} = {DB167D28-A138-4B9C-B3D3-14F93D999CC3}
		{C9E90C08-FD6E-407F-A33F-0B2C05DC2E49} = {BE123348-4817-4257-BB02-100274736105}
		{8F30E125-B955-4C89-93EF-B85B88B85F96} = {C9E90C08-FD6E-407F-A33F-0B2C05DC2E49}
		{1FF4D315-0649-4C68-9E12-B5D8C7CED639} = {C9E90C08-FD6E-407F-A33F-0B2C05DC2E49}
		{654BD2F2-A0D6-4666-94F2-CDE4C770A28D} = {DB167D28-A138-4B9C-B3D3-14F93D999CC3}
		{8EC19012-8FFA-4CA7-B9B8-F8D146EF02CE} = {DB167D28-A138-4B9C-B3D3-14F93D999CC3}
		{A8041A5D-B224-40EA-BBC7-3E840DAE0969} = {C9E90C08-FD6E-407F-A33F-0B2C05DC2E49}
		{07EE0F60-B01A-4AA1-B964-6DC71838A5F8} = {DB167D28-A138-4B9C-B3D3-14F93D999CC3}
		{FCFD1BE3-C52C-436B-BA5C-10C2D37F8EEF} = {A1E1E7E6-ED90-4C56-97C2-312DE5B5A54F}
		{B5CD73DB-D2EC-436C-9679-220CA5FDAC9A} = {FCFD1BE3-C52C-436B-BA5C-10C2D37F8EEF}
		{B2495183-7E62-4E9E-9693-A10D93E20421} = {FCFD1BE3-C52C-436B-BA5C-10C2D37F8EEF}
		{2F8681B5-97C8-4E5C-BB12-2ECD42F6C90E} = {FCFD1BE3-C52C-436B-BA5C-10C2D37F8EEF}
		{A5C1BF1C-FA9E-4A25-9689-4D2EB509B9DE} = {FCFD1BE3-C52C-436B-BA5C-10C2D37F8EEF}
		{B00B7C03-CCE8-4843-9165-B785C4E387CE} = {C9E90C08-FD6E-407F-A33F-0B2C05DC2E49}
		{42A904B6-1AA0-448A-ABDC-EF5A8CEEAD54} = {DB167D28-A138-4B9C-B3D3-14F93D999CC3}
		{7229DA70-49C9-4C32-85F2-1C3788D6EEDE} = {FCFD1BE3-C52C-436B-BA5C-10C2D37F8EEF}
		{A5293D13-E9F6-4450-BE7E-A70F8D38E7F1} = {FCFD1BE3-C52C-436B-BA5C-10C2D37F8EEF}
		{C8289B34-1808-41D9-9F6C-01DDF9B59D3D} = {C9E90C08-FD6E-407F-A33F-0B2C05DC2E49}
		{5DBB8341-04AE-4AB5-89D5-2FD72B6B9FB6} = {A5293D13-E9F6-4450-BE7E-A70F8D38E7F1}
		{3DD6A336-5FE3-40B6-8AC2-FA41D4A4EFC9} = {C8289B34-1808-41D9-9F6C-01DDF9B59D3D}
		{1F9F33C9-D978-4110-902A-7D2C37EC681B} = {A5293D13-E9F6-4450-BE7E-A70F8D38E7F1}
		{E804220B-A3D4-4BEE-BEF6-B5B559AF5D0C} = {A1E1E7E6-ED90-4C56-97C2-312DE5B5A54F}
		{BBBDD310-244D-4903-ADD9-6D042C69F280} = {E804220B-A3D4-4BEE-BEF6-B5B559AF5D0C}
		{8EFFA5C1-BE6B-44BA-983B-2D5DD880458E} = {E804220B-A3D4-4BEE-BEF6-B5B559AF5D0C}
		{41D55221-98B6-4C84-9FD7-90DFEF37358E} = {E804220B-A3D4-4BEE-BEF6-B5B559AF5D0C}
		{0288627D-9179-485A-9BAB-DC7F0F5D88B0} = {E804220B-A3D4-4BEE-BEF6-B5B559AF5D0C}
		{18885B2F-7E7E-49B6-9A5C-1FFDF907DF2B} = {E804220B-A3D4-4BEE-BEF6-B5B559AF5D0C}
		{4AFA11E7-3EF6-4274-B90D-31304D0C7036} = {E804220B-A3D4-4BEE-BEF6-B5B559AF5D0C}
		{C59C0F0C-C8F1-4420-AD6A-15DE5FAE436D} = {4AFA11E7-3EF6-4274-B90D-31304D0C7036}
		{723EA1F4-C3DC-43BD-A8C5-D4BF0718AFA2} = {4AFA11E7-3EF6-4274-B90D-31304D0C7036}
		{F380D532-3BD9-411C-8657-F0AB438B349A} = {FCFD1BE3-C52C-436B-BA5C-10C2D37F8EEF}
		{D7B6D655-A6A9-47A6-850C-91D96960C944} = {A1E1E7E6-ED90-4C56-97C2-312DE5B5A54F}
		{BDFF7D5F-2D19-40FD-9319-3A55A1FB1F7B} = {D7B6D655-A6A9-47A6-850C-91D96960C944}
		{3EEFCE3B-BCBB-407E-9471-F70E581C1EF0} = {D7B6D655-A6A9-47A6-850C-91D96960C944}
		{9FB9E9AA-29AA-45EC-A613-87F4C7A4B97A} = {D7B6D655-A6A9-47A6-850C-91D96960C944}
		{8C3EC0AE-5D59-4468-B6CD-A359B6E625F2} = {D7B6D655-A6A9-47A6-850C-91D96960C944}
		{3DED9048-7FD4-4911-8DD0-820D9FC60BFE} = {D7B6D655-A6A9-47A6-850C-91D96960C944}
		{18773A68-F0C8-4ED7-B0F9-2AB0671536D6} = {D7B6D655-A6A9-47A6-850C-91D96960C944}
		{63DE29D3-FFDF-485C-9A64-27603167A2BA} = {18773A68-F0C8-4ED7-B0F9-2AB0671536D6}
		{E0D528FE-1976-413B-A785-D8980A394369} = {A1E1E7E6-ED90-4C56-97C2-312DE5B5A54F}
		{192BD839-50AA-420B-9023-F56E16406A41} = {E0D528FE-1976-413B-A785-D8980A394369}
		{ADD82D29-B89B-44E7-B06A-10A077239CCB} = {E0D528FE-1976-413B-A785-D8980A394369}
		{605CCA4D-BA1F-47A7-BA5E-50CE61FABACA} = {E0D528FE-1976-413B-A785-D8980A394369}
		{53F8A43B-6367-4072-BE60-FECD258AB469} = {E0D528FE-1976-413B-A785-D8980A394369}
		{E337D41D-8DC3-451C-AC9C-568BCFC7439A} = {E0D528FE-1976-413B-A785-D8980A394369}
		{A4468078-58B6-4168-803A-387BA0F0D77F} = {27C8F3DE-3BBD-4740-BC57-01869069A728}
		{1F269EB0-3D19-4202-957F-832700A2ED6B} = {DB167D28-A138-4B9C-B3D3-14F93D999CC3}
		{22DD0B4A-D343-42CC-8C42-6AB72FC9D3F0} = {A1E1E7E6-ED90-4C56-97C2-312DE5B5A54F}
		{24FB90EE-A0D4-4BA1-940A-60698548D34F} = {22DD0B4A-D343-42CC-8C42-6AB72FC9D3F0}
		{C861A499-E4A5-49A7-9151-00B69FF7441C} = {22DD0B4A-D343-42CC-8C42-6AB72FC9D3F0}
		{3AC08CD2-F0E3-4E25-BA39-55E0784A35BE} = {22DD0B4A-D343-42CC-8C42-6AB72FC9D3F0}
		{CDDE0295-D5F5-4CE2-BF84-0B462EE89BFB} = {22DD0B4A-D343-42CC-8C42-6AB72FC9D3F0}
		{AA1F2A6E-729A-4074-A44E-FA2E42967048} = {22DD0B4A-D343-42CC-8C42-6AB72FC9D3F0}
		{9A162CBF-B2A9-4C89-8368-1915FBC6F029} = {E0D528FE-1976-413B-A785-D8980A394369}
		{59246E02-DCD7-4F65-90C8-2BB950F74728} = {D7B6D655-A6A9-47A6-850C-91D96960C944}
		{0019A9F2-CD20-4725-BFCB-AE0AEE55753D} = {27C8F3DE-3BBD-4740-BC57-01869069A728}
		{743795FB-3E5E-46DB-9109-9E70250D3BD4} = {22DD0B4A-D343-42CC-8C42-6AB72FC9D3F0}
		{0A16D1DE-594F-482A-AD7A-AAB6FB3460A7} = {743795FB-3E5E-46DB-9109-9E70250D3BD4}
		{7AB9EC54-7C11-4685-9D21-99DA064C9C72} = {DB167D28-A138-4B9C-B3D3-14F93D999CC3}
		{8CBD2E3C-83CC-4FAE-A4C3-380D14342A71} = {7AB9EC54-7C11-4685-9D21-99DA064C9C72}
		{85C44F9C-4B81-40A2-A96D-08717F3A8D2A} = {E0D528FE-1976-413B-A785-D8980A394369}
		{249328A8-1280-4AED-A5AE-9885610E3DE9} = {85C44F9C-4B81-40A2-A96D-08717F3A8D2A}
	EndGlobalSection
	GlobalSection(ExtensibilityGlobals) = postSolution
		SolutionGuid = {4CB9FFAA-0741-40AA-BFA6-60CC8D6EC98F}
	EndGlobalSection
EndGlobal
